
Microsoft Visual Studio Solution File, Format Version 12.00
# Visual Studio 15
VisualStudioVersion = 15.0.28307.168
MinimumVisualStudioVersion = 10.0.40219.1
Project("{FAE04EC0-301F-11D3-BF4B-00C04F79EFBC}") = "FasterTooltips", "FasterTooltips\FasterTooltips.csproj", "{A76A8B3D-AB9D-412E-B252-F9B01CF370BB}"
EndProject
Global
	GlobalSection(SolutionConfigurationPlatforms) = preSolution
		Debug|Any CPU = Debug|Any CPU
		Release|Any CPU = Release|Any CPU
	EndGlobalSection
	GlobalSection(ProjectConfigurationPlatforms) = postSolution
		{A76A8B3D-AB9D-412E-B252-F9B01CF370BB}.Debug|Any CPU.ActiveCfg = Debug|Any CPU
		{A76A8B3D-AB9D-412E-B252-F9B01CF370BB}.Debug|Any CPU.Build.0 = Debug|Any CPU
		{A76A8B3D-AB9D-412E-B252-F9B01CF370BB}.Release|Any CPU.ActiveCfg = Release|Any CPU
		{A76A8B3D-AB9D-412E-B252-F9B01CF370BB}.Release|Any CPU.Build.0 = Release|Any CPU
	EndGlobalSection
	GlobalSection(SolutionProperties) = preSolution
		HideSolutionNode = FALSE
	EndGlobalSection
	GlobalSection(ExtensibilityGlobals) = postSolution
		SolutionGuid = {F1066E26-7D39-4DED-A957-C17BEE4B9421}
	EndGlobalSection
EndGlobal
